
Microsoft Visual Studio Solution File, Format Version 12.00
# Visual Studio Version 17
VisualStudioVersion = 17.0.31825.309
MinimumVisualStudioVersion = 10.0.40219.1
Project("{2150E333-8FDC-42A3-9474-1A3956D46DE8}") = ".items", ".items", "{AFD9E1BF-56CF-4BBC-9960-BC1D2736C8B8}"
	ProjectSection(SolutionItems) = preProject
		.gitignore = .gitignore
		azure-pipelines.yml = azure-pipelines.yml
		code-coverage.runsettings = code-coverage.runsettings
		README.md = README.md
		.items\repository-pattern.png = .items\repository-pattern.png
		.items\repository-pattern.puml = .items\repository-pattern.puml
		version-bump.ps1 = version-bump.ps1
	EndProjectSection
EndProject
Project("{9A19103F-16F7-4668-BE54-9A1E7A4F7556}") = "Optsol.Domain", "src\Optsol.Components.Repository\Optsol.Domain.csproj", "{AFDE1E66-2BB3-4E36-AF4D-F9FACD2D3B93}"
EndProject
Project("{9A19103F-16F7-4668-BE54-9A1E7A4F7556}") = "Optsol.Components.Repository.Test", "test\Optsol.Components.Repository.Test\Optsol.Components.Repository.Test.csproj", "{E35C0FC4-6A8E-458F-8C57-B3AA993C7FE1}"
EndProject
Project("{9A19103F-16F7-4668-BE54-9A1E7A4F7556}") = "Optsol.Components.Repository.Infra.Mock", "src\Optsol.Components.Repository.Infra.Mock\Optsol.Components.Repository.Infra.Mock.csproj", "{05ED5F33-2947-46F8-BA40-4569A39EF291}"
EndProject
Project("{2150E333-8FDC-42A3-9474-1A3956D46DE8}") = "1. Packages", "1. Packages", "{03581B11-2B9F-4A1E-9CD4-78608027C29A}"
EndProject
Project("{2150E333-8FDC-42A3-9474-1A3956D46DE8}") = "2. Internal", "2. Internal", "{9C6CC440-4413-481F-8A92-10DDB3815EAE}"
EndProject
Project("{9A19103F-16F7-4668-BE54-9A1E7A4F7556}") = "Optsol.Components.Repository.Infra.EntityFrameworkCore", "src\Optsol.Components.Repository.Infra.EntityFrameworkCore\Optsol.Components.Repository.Infra.EntityFrameworkCore.csproj", "{B393803D-1FDA-4D2C-AC7B-BD172582C3C7}"
EndProject
Project("{9A19103F-16F7-4668-BE54-9A1E7A4F7556}") = "Optsol.Components.Repository.Infra.MongoDB", "src\Optsol.Components.Repository.Infra.MongoDB\Optsol.Components.Repository.Infra.MongoDB.csproj", "{0BF89713-0450-4439-B2BB-CEE0B9D6938D}"
EndProject
Project("{FAE04EC0-301F-11D3-BF4B-00C04F79EFBC}") = "Optsol.Repository", "src\Optsol.Repository\Optsol.Repository.csproj", "{DFE301F7-F531-4B04-B5DA-CB9AA899A9A8}"
EndProject
Project("{FAE04EC0-301F-11D3-BF4B-00C04F79EFBC}") = "Optsol.Repository.Base", "src\Optsol.Repository.Base\Optsol.Repository.Base.csproj", "{06F0AF3E-7AB8-4DA7-8EF1-CA6051D280CD}"
EndProject
Global
	GlobalSection(SolutionConfigurationPlatforms) = preSolution
		Debug|Any CPU = Debug|Any CPU
		Debug|x64 = Debug|x64
		Debug|x86 = Debug|x86
		Release|Any CPU = Release|Any CPU
		Release|x64 = Release|x64
		Release|x86 = Release|x86
	EndGlobalSection
	GlobalSection(ProjectConfigurationPlatforms) = postSolution
		{AFDE1E66-2BB3-4E36-AF4D-F9FACD2D3B93}.Debug|Any CPU.ActiveCfg = Debug|Any CPU
		{AFDE1E66-2BB3-4E36-AF4D-F9FACD2D3B93}.Debug|Any CPU.Build.0 = Debug|Any CPU
		{AFDE1E66-2BB3-4E36-AF4D-F9FACD2D3B93}.Debug|x64.ActiveCfg = Debug|Any CPU
		{AFDE1E66-2BB3-4E36-AF4D-F9FACD2D3B93}.Debug|x64.Build.0 = Debug|Any CPU
		{AFDE1E66-2BB3-4E36-AF4D-F9FACD2D3B93}.Debug|x86.ActiveCfg = Debug|Any CPU
		{AFDE1E66-2BB3-4E36-AF4D-F9FACD2D3B93}.Debug|x86.Build.0 = Debug|Any CPU
		{AFDE1E66-2BB3-4E36-AF4D-F9FACD2D3B93}.Release|Any CPU.ActiveCfg = Release|Any CPU
		{AFDE1E66-2BB3-4E36-AF4D-F9FACD2D3B93}.Release|Any CPU.Build.0 = Release|Any CPU
		{AFDE1E66-2BB3-4E36-AF4D-F9FACD2D3B93}.Release|x64.ActiveCfg = Release|Any CPU
		{AFDE1E66-2BB3-4E36-AF4D-F9FACD2D3B93}.Release|x64.Build.0 = Release|Any CPU
		{AFDE1E66-2BB3-4E36-AF4D-F9FACD2D3B93}.Release|x86.ActiveCfg = Release|Any CPU
		{AFDE1E66-2BB3-4E36-AF4D-F9FACD2D3B93}.Release|x86.Build.0 = Release|Any CPU
		{E35C0FC4-6A8E-458F-8C57-B3AA993C7FE1}.Debug|Any CPU.ActiveCfg = Debug|Any CPU
		{E35C0FC4-6A8E-458F-8C57-B3AA993C7FE1}.Debug|Any CPU.Build.0 = Debug|Any CPU
		{E35C0FC4-6A8E-458F-8C57-B3AA993C7FE1}.Debug|x64.ActiveCfg = Debug|Any CPU
		{E35C0FC4-6A8E-458F-8C57-B3AA993C7FE1}.Debug|x64.Build.0 = Debug|Any CPU
		{E35C0FC4-6A8E-458F-8C57-B3AA993C7FE1}.Debug|x86.ActiveCfg = Debug|Any CPU
		{E35C0FC4-6A8E-458F-8C57-B3AA993C7FE1}.Debug|x86.Build.0 = Debug|Any CPU
		{E35C0FC4-6A8E-458F-8C57-B3AA993C7FE1}.Release|Any CPU.ActiveCfg = Release|Any CPU
		{E35C0FC4-6A8E-458F-8C57-B3AA993C7FE1}.Release|Any CPU.Build.0 = Release|Any CPU
		{E35C0FC4-6A8E-458F-8C57-B3AA993C7FE1}.Release|x64.ActiveCfg = Release|Any CPU
		{E35C0FC4-6A8E-458F-8C57-B3AA993C7FE1}.Release|x64.Build.0 = Release|Any CPU
		{E35C0FC4-6A8E-458F-8C57-B3AA993C7FE1}.Release|x86.ActiveCfg = Release|Any CPU
		{E35C0FC4-6A8E-458F-8C57-B3AA993C7FE1}.Release|x86.Build.0 = Release|Any CPU
		{05ED5F33-2947-46F8-BA40-4569A39EF291}.Debug|Any CPU.ActiveCfg = Debug|Any CPU
		{05ED5F33-2947-46F8-BA40-4569A39EF291}.Debug|Any CPU.Build.0 = Debug|Any CPU
		{05ED5F33-2947-46F8-BA40-4569A39EF291}.Debug|x64.ActiveCfg = Debug|Any CPU
		{05ED5F33-2947-46F8-BA40-4569A39EF291}.Debug|x64.Build.0 = Debug|Any CPU
		{05ED5F33-2947-46F8-BA40-4569A39EF291}.Debug|x86.ActiveCfg = Debug|Any CPU
		{05ED5F33-2947-46F8-BA40-4569A39EF291}.Debug|x86.Build.0 = Debug|Any CPU
		{05ED5F33-2947-46F8-BA40-4569A39EF291}.Release|Any CPU.ActiveCfg = Release|Any CPU
		{05ED5F33-2947-46F8-BA40-4569A39EF291}.Release|Any CPU.Build.0 = Release|Any CPU
		{05ED5F33-2947-46F8-BA40-4569A39EF291}.Release|x64.ActiveCfg = Release|Any CPU
		{05ED5F33-2947-46F8-BA40-4569A39EF291}.Release|x64.Build.0 = Release|Any CPU
		{05ED5F33-2947-46F8-BA40-4569A39EF291}.Release|x86.ActiveCfg = Release|Any CPU
		{05ED5F33-2947-46F8-BA40-4569A39EF291}.Release|x86.Build.0 = Release|Any CPU
		{B393803D-1FDA-4D2C-AC7B-BD172582C3C7}.Debug|Any CPU.ActiveCfg = Debug|Any CPU
		{B393803D-1FDA-4D2C-AC7B-BD172582C3C7}.Debug|Any CPU.Build.0 = Debug|Any CPU
		{B393803D-1FDA-4D2C-AC7B-BD172582C3C7}.Debug|x64.ActiveCfg = Debug|Any CPU
		{B393803D-1FDA-4D2C-AC7B-BD172582C3C7}.Debug|x64.Build.0 = Debug|Any CPU
		{B393803D-1FDA-4D2C-AC7B-BD172582C3C7}.Debug|x86.ActiveCfg = Debug|Any CPU
		{B393803D-1FDA-4D2C-AC7B-BD172582C3C7}.Debug|x86.Build.0 = Debug|Any CPU
		{B393803D-1FDA-4D2C-AC7B-BD172582C3C7}.Release|Any CPU.ActiveCfg = Release|Any CPU
		{B393803D-1FDA-4D2C-AC7B-BD172582C3C7}.Release|Any CPU.Build.0 = Release|Any CPU
		{B393803D-1FDA-4D2C-AC7B-BD172582C3C7}.Release|x64.ActiveCfg = Release|Any CPU
		{B393803D-1FDA-4D2C-AC7B-BD172582C3C7}.Release|x64.Build.0 = Release|Any CPU
		{B393803D-1FDA-4D2C-AC7B-BD172582C3C7}.Release|x86.ActiveCfg = Release|Any CPU
		{B393803D-1FDA-4D2C-AC7B-BD172582C3C7}.Release|x86.Build.0 = Release|Any CPU
		{0BF89713-0450-4439-B2BB-CEE0B9D6938D}.Debug|Any CPU.ActiveCfg = Debug|Any CPU
		{0BF89713-0450-4439-B2BB-CEE0B9D6938D}.Debug|Any CPU.Build.0 = Debug|Any CPU
		{0BF89713-0450-4439-B2BB-CEE0B9D6938D}.Debug|x64.ActiveCfg = Debug|Any CPU
		{0BF89713-0450-4439-B2BB-CEE0B9D6938D}.Debug|x64.Build.0 = Debug|Any CPU
		{0BF89713-0450-4439-B2BB-CEE0B9D6938D}.Debug|x86.ActiveCfg = Debug|Any CPU
		{0BF89713-0450-4439-B2BB-CEE0B9D6938D}.Debug|x86.Build.0 = Debug|Any CPU
		{0BF89713-0450-4439-B2BB-CEE0B9D6938D}.Release|Any CPU.ActiveCfg = Release|Any CPU
		{0BF89713-0450-4439-B2BB-CEE0B9D6938D}.Release|Any CPU.Build.0 = Release|Any CPU
		{0BF89713-0450-4439-B2BB-CEE0B9D6938D}.Release|x64.ActiveCfg = Release|Any CPU
		{0BF89713-0450-4439-B2BB-CEE0B9D6938D}.Release|x64.Build.0 = Release|Any CPU
		{0BF89713-0450-4439-B2BB-CEE0B9D6938D}.Release|x86.ActiveCfg = Release|Any CPU
		{0BF89713-0450-4439-B2BB-CEE0B9D6938D}.Release|x86.Build.0 = Release|Any CPU
		{DFE301F7-F531-4B04-B5DA-CB9AA899A9A8}.Debug|Any CPU.ActiveCfg = Debug|Any CPU
		{DFE301F7-F531-4B04-B5DA-CB9AA899A9A8}.Debug|Any CPU.Build.0 = Debug|Any CPU
		{DFE301F7-F531-4B04-B5DA-CB9AA899A9A8}.Debug|x64.ActiveCfg = Debug|Any CPU
		{DFE301F7-F531-4B04-B5DA-CB9AA899A9A8}.Debug|x64.Build.0 = Debug|Any CPU
		{DFE301F7-F531-4B04-B5DA-CB9AA899A9A8}.Debug|x86.ActiveCfg = Debug|Any CPU
		{DFE301F7-F531-4B04-B5DA-CB9AA899A9A8}.Debug|x86.Build.0 = Debug|Any CPU
		{DFE301F7-F531-4B04-B5DA-CB9AA899A9A8}.Release|Any CPU.ActiveCfg = Release|Any CPU
		{DFE301F7-F531-4B04-B5DA-CB9AA899A9A8}.Release|Any CPU.Build.0 = Release|Any CPU
		{DFE301F7-F531-4B04-B5DA-CB9AA899A9A8}.Release|x64.ActiveCfg = Release|Any CPU
		{DFE301F7-F531-4B04-B5DA-CB9AA899A9A8}.Release|x64.Build.0 = Release|Any CPU
		{DFE301F7-F531-4B04-B5DA-CB9AA899A9A8}.Release|x86.ActiveCfg = Release|Any CPU
		{DFE301F7-F531-4B04-B5DA-CB9AA899A9A8}.Release|x86.Build.0 = Release|Any CPU
		{06F0AF3E-7AB8-4DA7-8EF1-CA6051D280CD}.Debug|Any CPU.ActiveCfg = Debug|Any CPU
		{06F0AF3E-7AB8-4DA7-8EF1-CA6051D280CD}.Debug|Any CPU.Build.0 = Debug|Any CPU
		{06F0AF3E-7AB8-4DA7-8EF1-CA6051D280CD}.Debug|x64.ActiveCfg = Debug|Any CPU
		{06F0AF3E-7AB8-4DA7-8EF1-CA6051D280CD}.Debug|x64.Build.0 = Debug|Any CPU
		{06F0AF3E-7AB8-4DA7-8EF1-CA6051D280CD}.Debug|x86.ActiveCfg = Debug|Any CPU
		{06F0AF3E-7AB8-4DA7-8EF1-CA6051D280CD}.Debug|x86.Build.0 = Debug|Any CPU
		{06F0AF3E-7AB8-4DA7-8EF1-CA6051D280CD}.Release|Any CPU.ActiveCfg = Release|Any CPU
		{06F0AF3E-7AB8-4DA7-8EF1-CA6051D280CD}.Release|Any CPU.Build.0 = Release|Any CPU
		{06F0AF3E-7AB8-4DA7-8EF1-CA6051D280CD}.Release|x64.ActiveCfg = Release|Any CPU
		{06F0AF3E-7AB8-4DA7-8EF1-CA6051D280CD}.Release|x64.Build.0 = Release|Any CPU
		{06F0AF3E-7AB8-4DA7-8EF1-CA6051D280CD}.Release|x86.ActiveCfg = Release|Any CPU
		{06F0AF3E-7AB8-4DA7-8EF1-CA6051D280CD}.Release|x86.Build.0 = Release|Any CPU
	EndGlobalSection
	GlobalSection(SolutionProperties) = preSolution
		HideSolutionNode = FALSE
	EndGlobalSection
	GlobalSection(NestedProjects) = preSolution
		{AFDE1E66-2BB3-4E36-AF4D-F9FACD2D3B93} = {03581B11-2B9F-4A1E-9CD4-78608027C29A}
		{E35C0FC4-6A8E-458F-8C57-B3AA993C7FE1} = {9C6CC440-4413-481F-8A92-10DDB3815EAE}
		{05ED5F33-2947-46F8-BA40-4569A39EF291} = {9C6CC440-4413-481F-8A92-10DDB3815EAE}
		{B393803D-1FDA-4D2C-AC7B-BD172582C3C7} = {03581B11-2B9F-4A1E-9CD4-78608027C29A}
		{0BF89713-0450-4439-B2BB-CEE0B9D6938D} = {03581B11-2B9F-4A1E-9CD4-78608027C29A}
		{DFE301F7-F531-4B04-B5DA-CB9AA899A9A8} = {03581B11-2B9F-4A1E-9CD4-78608027C29A}
		{06F0AF3E-7AB8-4DA7-8EF1-CA6051D280CD} = {03581B11-2B9F-4A1E-9CD4-78608027C29A}
	EndGlobalSection
	GlobalSection(ExtensibilityGlobals) = postSolution
		SolutionGuid = {0EED129D-EB8B-424E-BDF2-7B1BA78CDA90}
	EndGlobalSection
EndGlobal
